
Microsoft Visual Studio Solution File, Format Version 12.00
# Visual Studio 15
VisualStudioVersion = 15.0.26430.14
MinimumVisualStudioVersion = 10.0.40219.1
Project("{FAE04EC0-301F-11D3-BF4B-00C04F79EFBC}") = "ServiceClassFields", "ServiceClassFields\ServiceClassFields.csproj", "{DF21B910-C9BB-422D-998A-4848DE4C55A1}"
EndProject
Project("{FAE04EC0-301F-11D3-BF4B-00C04F79EFBC}") = "ServiceClassFields.Tests", "ServiceClassFields.Tests\ServiceClassFields.Tests.csproj", "{AEA61A2B-F9DB-4144-AFE4-959147AF01F6}"
EndProject
Global
	GlobalSection(SolutionConfigurationPlatforms) = preSolution
		Debug|Any CPU = Debug|Any CPU
		Release|Any CPU = Release|Any CPU
	EndGlobalSection
	GlobalSection(ProjectConfigurationPlatforms) = postSolution
		{DF21B910-C9BB-422D-998A-4848DE4C55A1}.Debug|Any CPU.ActiveCfg = Debug|Any CPU
		{DF21B910-C9BB-422D-998A-4848DE4C55A1}.Debug|Any CPU.Build.0 = Debug|Any CPU
		{DF21B910-C9BB-422D-998A-4848DE4C55A1}.Release|Any CPU.ActiveCfg = Release|Any CPU
		{DF21B910-C9BB-422D-998A-4848DE4C55A1}.Release|Any CPU.Build.0 = Release|Any CPU
		{AEA61A2B-F9DB-4144-AFE4-959147AF01F6}.Debug|Any CPU.ActiveCfg = Debug|Any CPU
		{AEA61A2B-F9DB-4144-AFE4-959147AF01F6}.Debug|Any CPU.Build.0 = Debug|Any CPU
		{AEA61A2B-F9DB-4144-AFE4-959147AF01F6}.Release|Any CPU.ActiveCfg = Release|Any CPU
		{AEA61A2B-F9DB-4144-AFE4-959147AF01F6}.Release|Any CPU.Build.0 = Release|Any CPU
	EndGlobalSection
	GlobalSection(SolutionProperties) = preSolution
		HideSolutionNode = FALSE
	EndGlobalSection
EndGlobal
